
Microsoft Visual Studio Solution File, Format Version 12.00
# Visual Studio 15
VisualStudioVersion = 15.0.28010.2041
MinimumVisualStudioVersion = 10.0.40219.1
Project("{FAE04EC0-301F-11D3-BF4B-00C04F79EFBC}") = "AngularJsWebApp.API", "AngularJsWebApp.API\AngularJsWebApp.API.csproj", "{80295EF7-13F2-474C-B021-C848645E8467}"
EndProject
Project("{FAE04EC0-301F-11D3-BF4B-00C04F79EFBC}") = "AngularJsWebApp.Web", "AngularJsWebApp.Web\AngularJsWebApp.Web.csproj", "{B9C65B1B-6E55-4F01-B184-79A96B109E6E}"
EndProject
Project("{FAE04EC0-301F-11D3-BF4B-00C04F79EFBC}") = "AngularJsWebApp.Simple.Web", "AngularJsWebApp.Simple.Web\AngularJsWebApp.Simple.Web.csproj", "{D728F5A8-BA6B-4CCB-92F7-20C1062C3887}"
EndProject
Project("{FAE04EC0-301F-11D3-BF4B-00C04F79EFBC}") = "AngularJsWebApp.CoreUiDemo.Web", "AngularJsWebApp.CoreUiDemo.Web\AngularJsWebApp.CoreUiDemo.Web.csproj", "{847CB0D5-0D32-43E1-8D34-510E3281823B}"
EndProject
Global
	GlobalSection(SolutionConfigurationPlatforms) = preSolution
		Debug|Any CPU = Debug|Any CPU
		Release|Any CPU = Release|Any CPU
	EndGlobalSection
	GlobalSection(ProjectConfigurationPlatforms) = postSolution
		{80295EF7-13F2-474C-B021-C848645E8467}.Debug|Any CPU.ActiveCfg = Debug|Any CPU
		{80295EF7-13F2-474C-B021-C848645E8467}.Debug|Any CPU.Build.0 = Debug|Any CPU
		{80295EF7-13F2-474C-B021-C848645E8467}.Release|Any CPU.ActiveCfg = Release|Any CPU
		{80295EF7-13F2-474C-B021-C848645E8467}.Release|Any CPU.Build.0 = Release|Any CPU
		{B9C65B1B-6E55-4F01-B184-79A96B109E6E}.Debug|Any CPU.ActiveCfg = Debug|Any CPU
		{B9C65B1B-6E55-4F01-B184-79A96B109E6E}.Debug|Any CPU.Build.0 = Debug|Any CPU
		{B9C65B1B-6E55-4F01-B184-79A96B109E6E}.Release|Any CPU.ActiveCfg = Release|Any CPU
		{B9C65B1B-6E55-4F01-B184-79A96B109E6E}.Release|Any CPU.Build.0 = Release|Any CPU
		{D728F5A8-BA6B-4CCB-92F7-20C1062C3887}.Debug|Any CPU.ActiveCfg = Debug|Any CPU
		{D728F5A8-BA6B-4CCB-92F7-20C1062C3887}.Debug|Any CPU.Build.0 = Debug|Any CPU
		{D728F5A8-BA6B-4CCB-92F7-20C1062C3887}.Release|Any CPU.ActiveCfg = Release|Any CPU
		{D728F5A8-BA6B-4CCB-92F7-20C1062C3887}.Release|Any CPU.Build.0 = Release|Any CPU
		{847CB0D5-0D32-43E1-8D34-510E3281823B}.Debug|Any CPU.ActiveCfg = Debug|Any CPU
		{847CB0D5-0D32-43E1-8D34-510E3281823B}.Debug|Any CPU.Build.0 = Debug|Any CPU
		{847CB0D5-0D32-43E1-8D34-510E3281823B}.Release|Any CPU.ActiveCfg = Release|Any CPU
		{847CB0D5-0D32-43E1-8D34-510E3281823B}.Release|Any CPU.Build.0 = Release|Any CPU
	EndGlobalSection
	GlobalSection(SolutionProperties) = preSolution
		HideSolutionNode = FALSE
	EndGlobalSection
	GlobalSection(ExtensibilityGlobals) = postSolution
		SolutionGuid = {C46A6756-7DB1-4DB5-9D74-8DDF641A0395}
	EndGlobalSection
EndGlobal
